
Microsoft Visual Studio Solution File, Format Version 12.00
# Visual Studio Version 17
VisualStudioVersion = 17.8.34004.107
MinimumVisualStudioVersion = 10.0.40219.1
Project("{9A19103F-16F7-4668-BE54-9A1E7A4F7556}") = "PLL", "PLL\PLL.csproj", "{57A83645-596D-4E56-945B-864FB4C11D76}"
EndProject
Project("{FAE04EC0-301F-11D3-BF4B-00C04F79EFBC}") = "Tests", "Tests\Tests.csproj", "{3FCB4E86-8CF7-4BC6-93A9-7AB66F71A8B9}"
EndProject
Global
	GlobalSection(SolutionConfigurationPlatforms) = preSolution
		Debug|Any CPU = Debug|Any CPU
		Release|Any CPU = Release|Any CPU
	EndGlobalSection
	GlobalSection(ProjectConfigurationPlatforms) = postSolution
		{57A83645-596D-4E56-945B-864FB4C11D76}.Debug|Any CPU.ActiveCfg = Debug|Any CPU
		{57A83645-596D-4E56-945B-864FB4C11D76}.Debug|Any CPU.Build.0 = Debug|Any CPU
		{57A83645-596D-4E56-945B-864FB4C11D76}.Release|Any CPU.ActiveCfg = Release|Any CPU
		{57A83645-596D-4E56-945B-864FB4C11D76}.Release|Any CPU.Build.0 = Release|Any CPU
		{3FCB4E86-8CF7-4BC6-93A9-7AB66F71A8B9}.Debug|Any CPU.ActiveCfg = Debug|Any CPU
		{3FCB4E86-8CF7-4BC6-93A9-7AB66F71A8B9}.Debug|Any CPU.Build.0 = Debug|Any CPU
		{3FCB4E86-8CF7-4BC6-93A9-7AB66F71A8B9}.Release|Any CPU.ActiveCfg = Release|Any CPU
		{3FCB4E86-8CF7-4BC6-93A9-7AB66F71A8B9}.Release|Any CPU.Build.0 = Release|Any CPU
	EndGlobalSection
	GlobalSection(SolutionProperties) = preSolution
		HideSolutionNode = FALSE
	EndGlobalSection
	GlobalSection(ExtensibilityGlobals) = postSolution
		SolutionGuid = {D14BC5CC-6901-42CB-89AC-751B122421F4}
	EndGlobalSection
EndGlobal
